uuid: ee8cf5fa-f397-44ee-8fda-e2ae87d9e0d8
langcode: en
status: true
dependencies:
  config:
    - block_content.type.info_block
  module:
    - content_translation
third_party_settings:
  content_translation:
    enabled: true
id: block_content.info_block
target_entity_type_id: block_content
target_bundle: info_block
default_langcode: site_default
language_alterable: true
